
Microsoft Visual Studio Solution File, Format Version 12.00
# Visual Studio Version 17
VisualStudioVersion = 17.5.33502.453
MinimumVisualStudioVersion = 10.0.40219.1
Project("{9A19103F-16F7-4668-BE54-9A1E7A4F7556}") = "DataAccess", "DataAccess\DataAccess.csproj", "{E810EF41-6025-483F-A813-1578ABAFB095}"
EndProject
Project("{9A19103F-16F7-4668-BE54-9A1E7A4F7556}") = "Business", "Business\Business.csproj", "{C8679800-E93A-4426-AE9C-208762B8119B}"
EndProject
Project("{9A19103F-16F7-4668-BE54-9A1E7A4F7556}") = "Entity", "Entity\Entity.csproj", "{CA681A9D-7418-45E3-B0D6-C646B281FCFC}"
EndProject
Project("{9A19103F-16F7-4668-BE54-9A1E7A4F7556}") = "Core", "Core\Core.csproj", "{D396D815-B511-4C67-9D35-31B68C4029DD}"
EndProject
Project("{9A19103F-16F7-4668-BE54-9A1E7A4F7556}") = "WebApi", "WebApi\WebApi.csproj", "{2CC96859-2AFD-4546-A16B-BF80B039E79F}"
EndProject
Project("{FAE04EC0-301F-11D3-BF4B-00C04F79EFBC}") = "UI", "UI\UI.csproj", "{3F590EC0-3786-4DEB-BC68-8D54315BFD5C}"
EndProject
Global
	GlobalSection(SolutionConfigurationPlatforms) = preSolution
		Debug|Any CPU = Debug|Any CPU
		Release|Any CPU = Release|Any CPU
	EndGlobalSection
	GlobalSection(ProjectConfigurationPlatforms) = postSolution
		{E810EF41-6025-483F-A813-1578ABAFB095}.Debug|Any CPU.ActiveCfg = Debug|Any CPU
		{E810EF41-6025-483F-A813-1578ABAFB095}.Debug|Any CPU.Build.0 = Debug|Any CPU
		{E810EF41-6025-483F-A813-1578ABAFB095}.Release|Any CPU.ActiveCfg = Release|Any CPU
		{E810EF41-6025-483F-A813-1578ABAFB095}.Release|Any CPU.Build.0 = Release|Any CPU
		{C8679800-E93A-4426-AE9C-208762B8119B}.Debug|Any CPU.ActiveCfg = Debug|Any CPU
		{C8679800-E93A-4426-AE9C-208762B8119B}.Debug|Any CPU.Build.0 = Debug|Any CPU
		{C8679800-E93A-4426-AE9C-208762B8119B}.Release|Any CPU.ActiveCfg = Release|Any CPU
		{C8679800-E93A-4426-AE9C-208762B8119B}.Release|Any CPU.Build.0 = Release|Any CPU
		{CA681A9D-7418-45E3-B0D6-C646B281FCFC}.Debug|Any CPU.ActiveCfg = Debug|Any CPU
		{CA681A9D-7418-45E3-B0D6-C646B281FCFC}.Debug|Any CPU.Build.0 = Debug|Any CPU
		{CA681A9D-7418-45E3-B0D6-C646B281FCFC}.Release|Any CPU.ActiveCfg = Release|Any CPU
		{CA681A9D-7418-45E3-B0D6-C646B281FCFC}.Release|Any CPU.Build.0 = Release|Any CPU
		{D396D815-B511-4C67-9D35-31B68C4029DD}.Debug|Any CPU.ActiveCfg = Debug|Any CPU
		{D396D815-B511-4C67-9D35-31B68C4029DD}.Debug|Any CPU.Build.0 = Debug|Any CPU
		{D396D815-B511-4C67-9D35-31B68C4029DD}.Release|Any CPU.ActiveCfg = Release|Any CPU
		{D396D815-B511-4C67-9D35-31B68C4029DD}.Release|Any CPU.Build.0 = Release|Any CPU
		{2CC96859-2AFD-4546-A16B-BF80B039E79F}.Debug|Any CPU.ActiveCfg = Debug|Any CPU
		{2CC96859-2AFD-4546-A16B-BF80B039E79F}.Debug|Any CPU.Build.0 = Debug|Any CPU
		{2CC96859-2AFD-4546-A16B-BF80B039E79F}.Release|Any CPU.ActiveCfg = Release|Any CPU
		{2CC96859-2AFD-4546-A16B-BF80B039E79F}.Release|Any CPU.Build.0 = Release|Any CPU
		{3F590EC0-3786-4DEB-BC68-8D54315BFD5C}.Debug|Any CPU.ActiveCfg = Debug|Any CPU
		{3F590EC0-3786-4DEB-BC68-8D54315BFD5C}.Debug|Any CPU.Build.0 = Debug|Any CPU
		{3F590EC0-3786-4DEB-BC68-8D54315BFD5C}.Release|Any CPU.ActiveCfg = Release|Any CPU
		{3F590EC0-3786-4DEB-BC68-8D54315BFD5C}.Release|Any CPU.Build.0 = Release|Any CPU
	EndGlobalSection
	GlobalSection(SolutionProperties) = preSolution
		HideSolutionNode = FALSE
	EndGlobalSection
	GlobalSection(ExtensibilityGlobals) = postSolution
		SolutionGuid = {374B942F-574A-40AB-96FA-4FE4082ACF7B}
	EndGlobalSection
EndGlobal
